
Microsoft Visual Studio Solution File, Format Version 12.00
# Visual Studio Version 17
VisualStudioVersion = 17.11.35208.52
MinimumVisualStudioVersion = 10.0.40219.1
Project("{FAE04EC0-301F-11D3-BF4B-00C04F79EFBC}") = "Cars", "Cars\Cars.csproj", "{6B5FCFF5-FE7D-4CC6-9A11-096978F74A99}"
EndProject
Global
	GlobalSection(SolutionConfigurationPlatforms) = preSolution
		Debug|Any CPU = Debug|Any CPU
		Release|Any CPU = Release|Any CPU
	EndGlobalSection
	GlobalSection(ProjectConfigurationPlatforms) = postSolution
		{6B5FCFF5-FE7D-4CC6-9A11-096978F74A99}.Debug|Any CPU.ActiveCfg = Debug|Any CPU
		{6B5FCFF5-FE7D-4CC6-9A11-096978F74A99}.Debug|Any CPU.Build.0 = Debug|Any CPU
		{6B5FCFF5-FE7D-4CC6-9A11-096978F74A99}.Release|Any CPU.ActiveCfg = Release|Any CPU
		{6B5FCFF5-FE7D-4CC6-9A11-096978F74A99}.Release|Any CPU.Build.0 = Release|Any CPU
	EndGlobalSection
	GlobalSection(SolutionProperties) = preSolution
		HideSolutionNode = FALSE
	EndGlobalSection
	GlobalSection(ExtensibilityGlobals) = postSolution
		SolutionGuid = {14F3BB94-CB5A-41DC-8C8C-3D34024E04DE}
	EndGlobalSection
EndGlobal
